
Microsoft Visual Studio Solution File, Format Version 12.00
# Visual Studio Version 17
VisualStudioVersion = 17.3.32922.545
MinimumVisualStudioVersion = 10.0.40219.1
Project("{FAE04EC0-301F-11D3-BF4B-00C04F79EFBC}") = "webQuyTuThien", "webQuyTuThien\webQuyTuThien.csproj", "{BA79F437-A973-4838-8DE7-79AC6456B80A}"
EndProject
Global
	GlobalSection(SolutionConfigurationPlatforms) = preSolution
		Debug|Any CPU = Debug|Any CPU
		Release|Any CPU = Release|Any CPU
	EndGlobalSection
	GlobalSection(ProjectConfigurationPlatforms) = postSolution
		{BA79F437-A973-4838-8DE7-79AC6456B80A}.Debug|Any CPU.ActiveCfg = Debug|Any CPU
		{BA79F437-A973-4838-8DE7-79AC6456B80A}.Debug|Any CPU.Build.0 = Debug|Any CPU
		{BA79F437-A973-4838-8DE7-79AC6456B80A}.Release|Any CPU.ActiveCfg = Release|Any CPU
		{BA79F437-A973-4838-8DE7-79AC6456B80A}.Release|Any CPU.Build.0 = Release|Any CPU
	EndGlobalSection
	GlobalSection(SolutionProperties) = preSolution
		HideSolutionNode = FALSE
	EndGlobalSection
	GlobalSection(ExtensibilityGlobals) = postSolution
		SolutionGuid = {32C72560-0D0B-4D31-9BA3-945670F107C9}
	EndGlobalSection
EndGlobal
